// !$*UTF8*$!
{
	archiveVersion = 1;
	classes = {
	};
	objectVersion = 56;
	objects = {

/* Begin PBXBuildFile section */
		C6BABED428DF21E800398F45 /* AppDelegate.swift in Sources */ = {isa = PBXBuildFile; fileRef = C6BABED328DF21E800398F45 /* AppDelegate.swift */; };
		C6BABED628DF21E800398F45 /* SceneDelegate.swift in Sources */ = {isa = PBXBuildFile; fileRef = C6BABED528DF21E800398F45 /* SceneDelegate.swift */; };
		C6BABED828DF21E800398F45 /* ViewController.swift in Sources */ = {isa = PBXBuildFile; fileRef = C6BABED728DF21E800398F45 /* ViewController.swift */; };
		C6BABEDB28DF21E800398F45 /* Main.storyboard in Resources */ = {isa = PBXBuildFile; fileRef = C6BABED928DF21E800398F45 /* Main.storyboard */; };
		C6BABEDD28DF21E800398F45 /* Assets.xcassets in Resources */ = {isa = PBXBuildFile; fileRef = C6BABEDC28DF21E800398F45 /* Assets.xcassets */; };
		C6BABEE028DF21E800398F45 /* LaunchScreen.storyboard in Resources */ = {isa = PBXBuildFile; fileRef = C6BABEDE28DF21E800398F45 /* LaunchScreen.storyboard */; };
		D5A0D88B7893AE6A967A4A4E /* Pods_SampleCodeLayout.framework in Frameworks */ = {isa = PBXBuildFile; fileRef = B6D39643927DB8BC765E0ACD /* Pods_SampleCodeLayout.framework */; };
/* End PBXBuildFile section */

/* Begin PBXFileReference section */
		3F92134302E7D8FDB5CC47BE /* Pods-SampleCodeLayout.debug.xcconfig */ = {isa = PBXFileReference; includeInIndex = 1; lastKnownFileType = text.xcconfig; name = "Pods-SampleCodeLayout.debug.xcconfig"; path = "Target Support Files/Pods-SampleCodeLayout/Pods-SampleCodeLayout.debug.xcconfig"; sourceTree = "<group>"; };
		B6D39643927DB8BC765E0ACD /* Pods_SampleCodeLayout.framework */ = {isa = PBXFileReference; explicitFileType = wrapper.framework; includeInIndex = 0; path = Pods_SampleCodeLayout.framework; sourceTree = BUILT_PRODUCTS_DIR; };
		C6BABED028DF21E800398F45 /* SampleCodeLayout.app */ = {isa = PBXFileReference; explicitFileType = wrapper.application; includeInIndex = 0; path = SampleCodeLayout.app; sourceTree = BUILT_PRODUCTS_DIR; };
		C6BABED328DF21E800398F45 /* AppDelegate.swift */ = {isa = PBXFileReference; lastKnownFileType = sourcecode.swift; path = AppDelegate.swift; sourceTree = "<group>"; };
		C6BABED528DF21E800398F45 /* SceneDelegate.swift */ = {isa = PBXFileReference; lastKnownFileType = sourcecode.swift; path = SceneDelegate.swift; sourceTree = "<group>"; };
		C6BABED728DF21E800398F45 /* ViewController.swift */ = {isa = PBXFileReference; lastKnownFileType = sourcecode.swift; path = ViewController.swift; sourceTree = "<group>"; };
		C6BABEDA28DF21E800398F45 /* Base */ = {isa = PBXFileReference; lastKnownFileType = file.storyboard; name = Base; path = Base.lproj/Main.storyboard; sourceTree = "<group>"; };
		C6BABEDC28DF21E800398F45 /* Assets.xcassets */ = {isa = PBXFileReference; lastKnownFileType = folder.assetcatalog; path = Assets.xcassets; sourceTree = "<group>"; };
		C6BABEDF28DF21E800398F45 /* Base */ = {isa = PBXFileReference; lastKnownFileType = file.storyboard; name = Base; path = Base.lproj/LaunchScreen.storyboard; sourceTree = "<group>"; };
		C6BABEE128DF21E800398F45 /* Info.plist */ = {isa = PBXFileReference; lastKnownFileType = text.plist.xml; path = Info.plist; sourceTree = "<group>"; };
		CA2241EA598D6D12758D52EE /* Pods-SampleCodeLayout.release.xcconfig */ = {isa = PBXFileReference; includeInIndex = 1; lastKnownFileType = text.xcconfig; name = "Pods-SampleCodeLayout.release.xcconfig"; path = "Target Support Files/Pods-SampleCodeLayout/Pods-SampleCodeLayout.release.xcconfig"; sourceTree = "<group>"; };
/* End PBXFileReference section */

/* Begin PBXFrameworksBuildPhase section */
		C6BABECD28DF21E800398F45 /* Frameworks */ = {
			isa = PBXFrameworksBuildPhase;
			buildActionMask = 2147483647;
			files = (
				D5A0D88B7893AE6A967A4A4E /* Pods_SampleCodeLayout.framework in Frameworks */,
			);
			runOnlyForDeploymentPostprocessing = 0;
		};
/* End PBXFrameworksBuildPhase section */

/* Begin PBXGroup section */
		1F6B734642698C566E2111AD /* Frameworks */ = {
			isa = PBXGroup;
			children = (
				B6D39643927DB8BC765E0ACD /* Pods_SampleCodeLayout.framework */,
			);
			name = Frameworks;
			sourceTree = "<group>";
		};
		38ABCEEA859D9216632E4977 /* Pods */ = {
			isa = PBXGroup;
			children = (
				3F92134302E7D8FDB5CC47BE /* Pods-SampleCodeLayout.debug.xcconfig */,
				CA2241EA598D6D12758D52EE /* Pods-SampleCodeLayout.release.xcconfig */,
			);
			name = Pods;
			path = Pods;
			sourceTree = "<group>";
		};
		C6BABEC728DF21E800398F45 = {
			isa = PBXGroup;
			children = (
				C6BABED228DF21E800398F45 /* SampleCodeLayout */,
				C6BABED128DF21E800398F45 /* Products */,
				38ABCEEA859D9216632E4977 /* Pods */,
				1F6B734642698C566E2111AD /* Frameworks */,
			);
			sourceTree = "<group>";
		};
		C6BABED128DF21E800398F45 /* Products */ = {
			isa = PBXGroup;
			children = (
				C6BABED028DF21E800398F45 /* SampleCodeLayout.app */,
			);
			name = Products;
			sourceTree = "<group>";
		};
		C6BABED228DF21E800398F45 /* SampleCodeLayout */ = {
			isa = PBXGroup;
			children = (
				C6BABED328DF21E800398F45 /* AppDelegate.swift */,
				C6BABED528DF21E800398F45 /* SceneDelegate.swift */,
				C6BABED728DF21E800398F45 /* ViewController.swift */,
				C6BABED928DF21E800398F45 /* Main.storyboard */,
				C6BABEDC28DF21E800398F45 /* Assets.xcassets */,
				C6BABEDE28DF21E800398F45 /* LaunchScreen.storyboard */,
				C6BABEE128DF21E800398F45 /* Info.plist */,
			);
			path = SampleCodeLayout;
			sourceTree = "<group>";
		};
/* End PBXGroup section */

/* Begin PBXNativeTarget section */
		C6BABECF28DF21E800398F45 /* SampleCodeLayout */ = {
			isa = PBXNativeTarget;
			buildConfigurationList = C6BABEE428DF21E800398F45 /* Build configuration list for PBXNativeTarget "SampleCodeLayout" */;
			buildPhases = (
				CE40259BA80EAE7A63414FF0 /* [CP] Check Pods Manifest.lock */,
				C6BABECC28DF21E800398F45 /* Sources */,
				C6BABECD28DF21E800398F45 /* Frameworks */,
				C6BABECE28DF21E800398F45 /* Resources */,
				BE1E7EC357C794E0343D9346 /* [CP] Embed Pods Frameworks */,
			);
			buildRules = (
			);
			dependencies = (
			);
			name = SampleCodeLayout;
			productName = SampleCodeLayout;
			productReference = C6BABED028DF21E800398F45 /* SampleCodeLayout.app */;
			productType = "com.apple.product-type.application";
		};
/* End PBXNativeTarget section */

/* Begin PBXProject section */
		C6BABEC828DF21E800398F45 /* Project object */ = {
			isa = PBXProject;
			attributes = {
				BuildIndependentTargetsInParallel = 1;
				LastSwiftUpdateCheck = 1400;
				LastUpgradeCheck = 1400;
				TargetAttributes = {
					C6BABECF28DF21E800398F45 = {
						CreatedOnToolsVersion = 14.0;
					};
				};
			};
			buildConfigurationList = C6BABECB28DF21E800398F45 /* Build configuration list for PBXProject "SampleCodeLayout" */;
			compatibilityVersion = "Xcode 14.0";
			developmentRegion = en;
			hasScannedForEncodings = 0;
			knownRegions = (
				en,
				Base,
			);
			mainGroup = C6BABEC728DF21E800398F45;
			productRefGroup = C6BABED128DF21E800398F45 /* Products */;
			projectDirPath = "";
			projectRoot = "";
			targets = (
				C6BABECF28DF21E800398F45 /* SampleCodeLayout */,
			);
		};
/* End PBXProject section */

/* Begin PBXResourcesBuildPhase section */
		C6BABECE28DF21E800398F45 /* Resources */ = {
			isa = PBXResourcesBuildPhase;
			buildActionMask = 2147483647;
			files = (
				C6BABEE028DF21E800398F45 /* LaunchScreen.storyboard in Resources */,
				C6BABEDD28DF21E800398F45 /* Assets.xcassets in Resources */,
				C6BABEDB28DF21E800398F45 /* Main.storyboard in Resources */,
			);
			runOnlyForDeploymentPostprocessing = 0;
		};
/* End PBXResourcesBuildPhase section */

/* Begin PBXShellScriptBuildPhase section */
		BE1E7EC357C794E0343D9346 /* [CP] Embed Pods Frameworks */ = {
			isa = PBXShellScriptBuildPhase;
			buildActionMask = 2147483647;
			files = (
			);
			inputFileListPaths = (
				"${PODS_ROOT}/Target Support Files/Pods-SampleCodeLayout/Pods-SampleCodeLayout-frameworks-${CONFIGURATION}-input-files.xcfilelist",
			);
			name = "[CP] Embed Pods Frameworks";
			outputFileListPaths = (
				"${PODS_ROOT}/Target Support Files/Pods-SampleCodeLayout/Pods-SampleCodeLayout-frameworks-${CONFIGURATION}-output-files.xcfilelist",
			);
			runOnlyForDeploymentPostprocessing = 0;
			shellPath = /bin/sh;
			shellScript = "\"${PODS_ROOT}/Target Support Files/Pods-SampleCodeLayout/Pods-SampleCodeLayout-frameworks.sh\"\n";
			showEnvVarsInLog = 0;
		};
		CE40259BA80EAE7A63414FF0 /* [CP] Check Pods Manifest.lock */ = {
			isa = PBXShellScriptBuildPhase;
			buildActionMask = 2147483647;
			files = (
			);
			inputFileListPaths = (
			);
			inputPaths = (
				"${PODS_PODFILE_DIR_PATH}/Podfile.lock",
				"${PODS_ROOT}/Manifest.lock",
			);
			name = "[CP] Check Pods Manifest.lock";
			outputFileListPaths = (
			);
			outputPaths = (
				"$(DERIVED_FILE_DIR)/Pods-SampleCodeLayout-checkManifestLockResult.txt",
			);
			runOnlyForDeploymentPostprocessing = 0;
			shellPath = /bin/sh;
			shellScript = "diff \"${PODS_PODFILE_DIR_PATH}/Podfile.lock\" \"${PODS_ROOT}/Manifest.lock\" > /dev/null\nif [ $? != 0 ] ; then\n    # print error to STDERR\n    echo \"error: The sandbox is not in sync with the Podfile.lock. Run 'pod install' or update your CocoaPods installation.\" >&2\n    exit 1\nfi\n# This output is used by Xcode 'outputs' to avoid re-running this script phase.\necho \"SUCCESS\" > \"${SCRIPT_OUTPUT_FILE_0}\"\n";
			showEnvVarsInLog = 0;
		};
/* End PBXShellScriptBuildPhase section */

/* Begin PBXSourcesBuildPhase section */
		C6BABECC28DF21E800398F45 /* Sources */ = {
			isa = PBXSourcesBuildPhase;
			buildActionMask = 2147483647;
			files = (
				C6BABED828DF21E800398F45 /* ViewController.swift in Sources */,
				C6BABED428DF21E800398F45 /* AppDelegate.swift in Sources */,
				C6BABED628DF21E800398F45 /* SceneDelegate.swift in Sources */,
			);
			runOnlyForDeploymentPostprocessing = 0;
		};
/* End PBXSourcesBuildPhase section */

/* Begin PBXVariantGroup section */
		C6BABED928DF21E800398F45 /* Main.storyboard */ = {
			isa = PBXVariantGroup;
			children = (
				C6BABEDA28DF21E800398F45 /* Base */,
			);
			name = Main.storyboard;
			sourceTree = "<group>";
		};
		C6BABEDE28DF21E800398F45 /* LaunchScreen.storyboard */ = {
			isa = PBXVariantGroup;
			children = (
				C6BABEDF28DF21E800398F45 /* Base */,
			);
			name = LaunchScreen.storyboard;
			sourceTree = "<group>";
		};
/* End PBXVariantGroup section */

/* Begin XCBuildConfiguration section */
		C6BABEE228DF21E800398F45 /* Debug */ = {
			isa = XCBuildConfiguration;
			buildSettings = {
				ALWAYS_SEARCH_USER_PATHS = NO;
				CLANG_ANALYZER_NONNULL = YES;
				CLANG_ANALYZER_NUMBER_OBJECT_CONVERSION = YES_AGGRESSIVE;
				CLANG_CXX_LANGUAGE_STANDARD = "gnu++20";
				CLANG_ENABLE_MODULES = YES;
				CLANG_ENABLE_OBJC_ARC = YES;
				CLANG_ENABLE_OBJC_WEAK = YES;
				CLANG_WARN_BLOCK_CAPTURE_AUTORELEASING = YES;
				CLANG_WARN_BOOL_CONVERSION = YES;
				CLANG_WARN_COMMA = YES;
				CLANG_WARN_CONSTANT_CONVERSION = YES;
				CLANG_WARN_DEPRECATED_OBJC_IMPLEMENTATIONS = YES;
				CLANG_WARN_DIRECT_OBJC_ISA_USAGE = YES_ERROR;
				CLANG_WARN_DOCUMENTATION_COMMENTS = YES;
				CLANG_WARN_EMPTY_BODY = YES;
				CLANG_WARN_ENUM_CONVERSION = YES;
				CLANG_WARN_INFINITE_RECURSION = YES;
				CLANG_WARN_INT_CONVERSION = YES;
				CLANG_WARN_NON_LITERAL_NULL_CONVERSION = YES;
				CLANG_WARN_OBJC_IMPLICIT_RETAIN_SELF = YES;
				CLANG_WARN_OBJC_LITERAL_CONVERSION = YES;
				CLANG_WARN_OBJC_ROOT_CLASS = YES_ERROR;
				CLANG_WARN_QUOTED_INCLUDE_IN_FRAMEWORK_HEADER = YES;
				CLANG_WARN_RANGE_LOOP_ANALYSIS = YES;
				CLANG_WARN_STRICT_PROTOTYPES = YES;
				CLANG_WARN_SUSPICIOUS_MOVE = YES;
				CLANG_WARN_UNGUARDED_AVAILABILITY = YES_AGGRESSIVE;
				CLANG_WARN_UNREACHABLE_CODE = YES;
				CLANG_WARN__DUPLICATE_METHOD_MATCH = YES;
				COPY_PHASE_STRIP = NO;
				DEBUG_INFORMATION_FORMAT = dwarf;
				ENABLE_STRICT_OBJC_MSGSEND = YES;
				ENABLE_TESTABILITY = YES;
				GCC_C_LANGUAGE_STANDARD = gnu11;
				GCC_DYNAMIC_NO_PIC = NO;
				GCC_NO_COMMON_BLOCKS = YES;
				GCC_OPTIMIZATION_LEVEL = 0;
				GCC_PREPROCESSOR_DEFINITIONS = (
					"DEBUG=1",
					"$(inherited)",
				);
				GCC_WARN_64_TO_32_BIT_CONVERSION = YES;
				GCC_WARN_ABOUT_RETURN_TYPE = YES_ERROR;
				GCC_WARN_UNDECLARED_SELECTOR = YES;
				GCC_WARN_UNINITIALIZED_AUTOS = YES_AGGRESSIVE;
				GCC_WARN_UNUSED_FUNCTION = YES;
				GCC_WARN_UNUSED_VARIABLE = YES;
				IPHONEOS_DEPLOYMENT_TARGET = 16.0;
				MTL_ENABLE_DEBUG_INFO = INCLUDE_SOURCE;
				MTL_FAST_MATH = YES;
				ONLY_ACTIVE_ARCH = YES;
				SDKROOT = iphoneos;
				SWIFT_ACTIVE_COMPILATION_CONDITIONS = DEBUG;
				SWIFT_OPTIMIZATION_LEVEL = "-Onone";
			};
			name = Debug;
		};
		C6BABEE328DF21E800398F45 /* Release */ = {
			isa = XCBuildConfiguration;
			buildSettings = {
				ALWAYS_SEARCH_USER_PATHS = NO;
				CLANG_ANALYZER_NONNULL = YES;
				CLANG_ANALYZER_NUMBER_OBJECT_CONVERSION = YES_AGGRESSIVE;
				CLANG_CXX_LANGUAGE_STANDARD = "gnu++20";
				CLANG_ENABLE_MODULES = YES;
				CLANG_ENABLE_OBJC_ARC = YES;
				CLANG_ENABLE_OBJC_WEAK = YES;
				CLANG_WARN_BLOCK_CAPTURE_AUTORELEASING = YES;
				CLANG_WARN_BOOL_CONVERSION = YES;
				CLANG_WARN_COMMA = YES;
				CLANG_WARN_CONSTANT_CONVERSION = YES;
				CLANG_WARN_DEPRECATED_OBJC_IMPLEMENTATIONS = YES;
				CLANG_WARN_DIRECT_OBJC_ISA_USAGE = YES_ERROR;
				CLANG_WARN_DOCUMENTATION_COMMENTS = YES;
				CLANG_WARN_EMPTY_BODY = YES;
				CLANG_WARN_ENUM_CONVERSION = YES;
				CLANG_WARN_INFINITE_RECURSION = YES;
				CLANG_WARN_INT_CONVERSION = YES;
				CLANG_WARN_NON_LITERAL_NULL_CONVERSION = YES;
				CLANG_WARN_OBJC_IMPLICIT_RETAIN_SELF = YES;
				CLANG_WARN_OBJC_LITERAL_CONVERSION = YES;
				CLANG_WARN_OBJC_ROOT_CLASS = YES_ERROR;
				CLANG_WARN_QUOTED_INCLUDE_IN_FRAMEWORK_HEADER = YES;
				CLANG_WARN_RANGE_LOOP_ANALYSIS = YES;
				CLANG_WARN_STRICT_PROTOTYPES = YES;
				CLANG_WARN_SUSPICIOUS_MOVE = YES;
				CLANG_WARN_UNGUARDED_AVAILABILITY = YES_AGGRESSIVE;
				CLANG_WARN_UNREACHABLE_CODE = YES;
				CLANG_WARN__DUPLICATE_METHOD_MATCH = YES;
				COPY_PHASE_STRIP = NO;
				DEBUG_INFORMATION_FORMAT = "dwarf-with-dsym";
				ENABLE_NS_ASSERTIONS = NO;
				ENABLE_STRICT_OBJC_MSGSEND = YES;
				GCC_C_LANGUAGE_STANDARD = gnu11;
				GCC_NO_COMMON_BLOCKS = YES;
				GCC_WARN_64_TO_32_BIT_CONVERSION = YES;
				GCC_WARN_ABOUT_RETURN_TYPE = YES_ERROR;
				GCC_WARN_UNDECLARED_SELECTOR = YES;
				GCC_WARN_UNINITIALIZED_AUTOS = YES_AGGRESSIVE;
				GCC_WARN_UNUSED_FUNCTION = YES;
				GCC_WARN_UNUSED_VARIABLE = YES;
				IPHONEOS_DEPLOYMENT_TARGET = 16.0;
				MTL_ENABLE_DEBUG_INFO = NO;
				MTL_FAST_MATH = YES;
				SDKROOT = iphoneos;
				SWIFT_COMPILATION_MODE = wholemodule;
				SWIFT_OPTIMIZATION_LEVEL = "-O";
				VALIDATE_PRODUCT = YES;
			};
			name = Release;
		};
		C6BABEE528DF21E800398F45 /* Debug */ = {
			isa = XCBuildConfiguration;
			baseConfigurationReference = 3F92134302E7D8FDB5CC47BE /* Pods-SampleCodeLayout.debug.xcconfig */;
			buildSettings = {
				ASSETCATALOG_COMPILER_APPICON_NAME = AppIcon;
				ASSETCATALOG_COMPILER_GLOBAL_ACCENT_COLOR_NAME = AccentColor;
				CODE_SIGN_STYLE = Automatic;
				CURRENT_PROJECT_VERSION = 1;
				DEVELOPMENT_TEAM = 64GN3PDULA;
				GENERATE_INFOPLIST_FILE = YES;
				INFOPLIST_FILE = SampleCodeLayout/Info.plist;
				INFOPLIST_KEY_UIApplicationSupportsIndirectInputEvents = YES;
				INFOPLIST_KEY_UILaunchStoryboardName = LaunchScreen;
				INFOPLIST_KEY_UIMainStoryboardFile = Main;
				INFOPLIST_KEY_UISupportedInterfaceOrientations_iPad = "UIInterfaceOrientationPortrait UIInterfaceOrientationPortraitUpsideDown UIInterfaceOrientationLandscapeLeft UIInterfaceOrientationLandscapeRight";
				INFOPLIST_KEY_UISupportedInterfaceOrientations_iPhone = "UIInterfaceOrientationPortrait UIInterfaceOrientationLandscapeLeft UIInterfaceOrientationLandscapeRight";
				LD_RUNPATH_SEARCH_PATHS = (
					"$(inherited)",
					"@executable_path/Frameworks",
				);
				MARKETING_VERSION = 1.0;
				PRODUCT_BUNDLE_IDENTIFIER = com.iwamotoyasutaka.SampleCodeLayout;
				PRODUCT_NAME = "$(TARGET_NAME)";
				SWIFT_EMIT_LOC_STRINGS = YES;
				SWIFT_VERSION = 5.0;
				TARGETED_DEVICE_FAMILY = "1,2";
			};
			name = Debug;
		};
		C6BABEE628DF21E800398F45 /* Release */ = {
			isa = XCBuildConfiguration;
			baseConfigurationReference = CA2241EA598D6D12758D52EE /* Pods-SampleCodeLayout.release.xcconfig */;
			buildSettings = {
				ASSETCATALOG_COMPILER_APPICON_NAME = AppIcon;
				ASSETCATALOG_COMPILER_GLOBAL_ACCENT_COLOR_NAME = AccentColor;
				CODE_SIGN_STYLE = Automatic;
				CURRENT_PROJECT_VERSION = 1;
				DEVELOPMENT_TEAM = 64GN3PDULA;
				GENERATE_INFOPLIST_FILE = YES;
				INFOPLIST_FILE = SampleCodeLayout/Info.plist;
				INFOPLIST_KEY_UIApplicationSupportsIndirectInputEvents = YES;
				INFOPLIST_KEY_UILaunchStoryboardName = LaunchScreen;
				INFOPLIST_KEY_UIMainStoryboardFile = Main;
				INFOPLIST_KEY_UISupportedInterfaceOrientations_iPad = "UIInterfaceOrientationPortrait UIInterfaceOrientationPortraitUpsideDown UIInterfaceOrientationLandscapeLeft UIInterfaceOrientationLandscapeRight";
				INFOPLIST_KEY_UISupportedInterfaceOrientations_iPhone = "UIInterfaceOrientationPortrait UIInterfaceOrientationLandscapeLeft UIInterfaceOrientationLandscapeRight";
				LD_RUNPATH_SEARCH_PATHS = (
					"$(inherited)",
					"@executable_path/Frameworks",
				);
				MARKETING_VERSION = 1.0;
				PRODUCT_BUNDLE_IDENTIFIER = com.iwamotoyasutaka.SampleCodeLayout;
				PRODUCT_NAME = "$(TARGET_NAME)";
				SWIFT_EMIT_LOC_STRINGS = YES;
				SWIFT_VERSION = 5.0;
				TARGETED_DEVICE_FAMILY = "1,2";
			};
			name = Release;
		};
/* End XCBuildConfiguration section */

/* Begin XCConfigurationList section */
		C6BABECB28DF21E800398F45 /* Build configuration list for PBXProject "SampleCodeLayout" */ = {
			isa = XCConfigurationList;
			buildConfigurations = (
				C6BABEE228DF21E800398F45 /* Debug */,
				C6BABEE328DF21E800398F45 /* Release */,
			);
			defaultConfigurationIsVisible = 0;
			defaultConfigurationName = Release;
		};
		C6BABEE428DF21E800398F45 /* Build configuration list for PBXNativeTarget "SampleCodeLayout" */ = {
			isa = XCConfigurationList;
			buildConfigurations = (
				C6BABEE528DF21E800398F45 /* Debug */,
				C6BABEE628DF21E800398F45 /* Release */,
			);
			defaultConfigurationIsVisible = 0;
			defaultConfigurationName = Release;
		};
/* End XCConfigurationList section */
	};
	rootObject = C6BABEC828DF21E800398F45 /* Project object */;
}
